// !$*UTF8*$!
{
	archiveVersion = 1;
	classes = {
	};
	objectVersion = 77;
	objects = {

/* Begin PBXBuildFile section */
		738E6F9F2F56169600F44D22 /* ContentView.swift in Sources */ = {isa = PBXBuildFile; fileRef = 738E6F9C2F56169600F44D22 /* ContentView.swift */; };
		738E6FA02F56169600F44D22 /* MyBigAppApp.swift in Sources */ = {isa = PBXBuildFile; fileRef = 738E6F9D2F56169600F44D22 /* MyBigAppApp.swift */; };
		738E6FA12F56169600F44D22 /* Assets.xcassets in Resources */ = {isa = PBXBuildFile; fileRef = 738E6F9B2F56169600F44D22 /* Assets.xcassets */; };
		738E6FA42F5624C300F44D22 /* HomeView.swift in Sources */ = {isa = PBXBuildFile; fileRef = 738E6FA32F5624C300F44D22 /* HomeView.swift */; };
		738E6FA62F56257B00F44D22 /* CalendarView.swift in Sources */ = {isa = PBXBuildFile; fileRef = 738E6FA52F56257B00F44D22 /* CalendarView.swift */; };
		738E6FA82F56259600F44D22 /* AddActivityView.swift in Sources */ = {isa = PBXBuildFile; fileRef = 738E6FA72F56259600F44D22 /* AddActivityView.swift */; };
		738E6FAA2F5625AE00F44D22 /* JournalView.swift in Sources */ = {isa = PBXBuildFile; fileRef = 738E6FA92F5625AE00F44D22 /* JournalView.swift */; };
		738E6FAC2F5625CB00F44D22 /* AIView.swift in Sources */ = {isa = PBXBuildFile; fileRef = 738E6FAB2F5625CB00F44D22 /* AIView.swift */; };
		738E6FAE2F586F9A00F44D22 /* MusicView.swift in Sources */ = {isa = PBXBuildFile; fileRef = 738E6FAD2F586F9A00F44D22 /* MusicView.swift */; };
		738E6FB12F586FD800F44D22 /* SearchView.swift in Sources */ = {isa = PBXBuildFile; fileRef = 738E6FB02F586FD800F44D22 /* SearchView.swift */; };
		738E6FB32F586FF500F44D22 /* FavoritesView.swift in Sources */ = {isa = PBXBuildFile; fileRef = 738E6FB22F586FF500F44D22 /* FavoritesView.swift */; };
/* End PBXBuildFile section */

/* Begin PBXFileReference section */
		738E6F8D2F56167900F44D22 /* MyBigApp.app */ = {isa = PBXFileReference; explicitFileType = wrapper.application; includeInIndex = 0; path = MyBigApp.app; sourceTree = BUILT_PRODUCTS_DIR; };
		738E6F9B2F56169600F44D22 /* Assets.xcassets */ = {isa = PBXFileReference; lastKnownFileType = folder.assetcatalog; path = Assets.xcassets; sourceTree = "<group>"; };
		738E6F9C2F56169600F44D22 /* ContentView.swift */ = {isa = PBXFileReference; lastKnownFileType = sourcecode.swift; path = ContentView.swift; sourceTree = "<group>"; };
		738E6F9D2F56169600F44D22 /* MyBigAppApp.swift */ = {isa = PBXFileReference; lastKnownFileType = sourcecode.swift; path = MyBigAppApp.swift; sourceTree = "<group>"; };
		738E6FA32F5624C300F44D22 /* HomeView.swift */ = {isa = PBXFileReference; lastKnownFileType = sourcecode.swift; path = HomeView.swift; sourceTree = "<group>"; };
		738E6FA52F56257B00F44D22 /* CalendarView.swift */ = {isa = PBXFileReference; lastKnownFileType = sourcecode.swift; path = CalendarView.swift; sourceTree = "<group>"; };
		738E6FA72F56259600F44D22 /* AddActivityView.swift */ = {isa = PBXFileReference; lastKnownFileType = sourcecode.swift; path = AddActivityView.swift; sourceTree = "<group>"; };
		738E6FA92F5625AE00F44D22 /* JournalView.swift */ = {isa = PBXFileReference; lastKnownFileType = sourcecode.swift; path = JournalView.swift; sourceTree = "<group>"; };
		738E6FAB2F5625CB00F44D22 /* AIView.swift */ = {isa = PBXFileReference; lastKnownFileType = sourcecode.swift; path = AIView.swift; sourceTree = "<group>"; };
		738E6FAD2F586F9A00F44D22 /* MusicView.swift */ = {isa = PBXFileReference; lastKnownFileType = sourcecode.swift; path = MusicView.swift; sourceTree = "<group>"; };
		738E6FB02F586FD800F44D22 /* SearchView.swift */ = {isa = PBXFileReference; lastKnownFileType = sourcecode.swift; path = SearchView.swift; sourceTree = "<group>"; };
		738E6FB22F586FF500F44D22 /* FavoritesView.swift */ = {isa = PBXFileReference; lastKnownFileType = sourcecode.swift; path = FavoritesView.swift; sourceTree = "<group>"; };
/* End PBXFileReference section */

/* Begin PBXFrameworksBuildPhase section */
		738E6F8A2F56167900F44D22 /* Frameworks */ = {
			isa = PBXFrameworksBuildPhase;
			buildActionMask = 2147483647;
			files = (
			);
			runOnlyForDeploymentPostprocessing = 0;
		};
/* End PBXFrameworksBuildPhase section */

/* Begin PBXGroup section */
		738E6F842F56167900F44D22 = {
			isa = PBXGroup;
			children = (
				738E6F9E2F56169600F44D22 /* MyBigApp */,
				738E6F8E2F56167900F44D22 /* Products */,
			);
			sourceTree = "<group>";
		};
		738E6F8E2F56167900F44D22 /* Products */ = {
			isa = PBXGroup;
			children = (
				738E6F8D2F56167900F44D22 /* MyBigApp.app */,
			);
			name = Products;
			sourceTree = "<group>";
		};
		738E6F9E2F56169600F44D22 /* MyBigApp */ = {
			isa = PBXGroup;
			children = (
				738E6F9D2F56169600F44D22 /* MyBigAppApp.swift */,
				738E6FA22F5616A500F44D22 /* Views */,
				738E6F9B2F56169600F44D22 /* Assets.xcassets */,
			);
			path = MyBigApp;
			sourceTree = "<group>";
		};
		738E6FA22F5616A500F44D22 /* Views */ = {
			isa = PBXGroup;
			children = (
				738E6F9C2F56169600F44D22 /* ContentView.swift */,
				738E6FA32F5624C300F44D22 /* HomeView.swift */,
				738E6FA52F56257B00F44D22 /* CalendarView.swift */,
				738E6FA72F56259600F44D22 /* AddActivityView.swift */,
				738E6FA92F5625AE00F44D22 /* JournalView.swift */,
				738E6FAB2F5625CB00F44D22 /* AIView.swift */,
				738E6FAF2F586FA700F44D22 /* Day2Views */,
			);
			path = Views;
			sourceTree = "<group>";
		};
		738E6FAF2F586FA700F44D22 /* Day2Views */ = {
			isa = PBXGroup;
			children = (
				738E6FAD2F586F9A00F44D22 /* MusicView.swift */,
				738E6FB02F586FD800F44D22 /* SearchView.swift */,
				738E6FB22F586FF500F44D22 /* FavoritesView.swift */,
			);
			path = Day2Views;
			sourceTree = "<group>";
		};
/* End PBXGroup section */

/* Begin PBXNativeTarget section */
		738E6F8C2F56167900F44D22 /* MyBigApp */ = {
			isa = PBXNativeTarget;
			buildConfigurationList = 738E6F982F56167B00F44D22 /* Build configuration list for PBXNativeTarget "MyBigApp" */;
			buildPhases = (
				738E6F892F56167900F44D22 /* Sources */,
				738E6F8A2F56167900F44D22 /* Frameworks */,
				738E6F8B2F56167900F44D22 /* Resources */,
			);
			buildRules = (
			);
			dependencies = (
			);
			name = MyBigApp;
			packageProductDependencies = (
			);
			productName = MyBigApp;
			productReference = 738E6F8D2F56167900F44D22 /* MyBigApp.app */;
			productType = "com.apple.product-type.application";
		};
/* End PBXNativeTarget section */

/* Begin PBXProject section */
		738E6F852F56167900F44D22 /* Project object */ = {
			isa = PBXProject;
			attributes = {
				BuildIndependentTargetsInParallel = 1;
				LastSwiftUpdateCheck = 2600;
				LastUpgradeCheck = 2600;
				TargetAttributes = {
					738E6F8C2F56167900F44D22 = {
						CreatedOnToolsVersion = 26.0.1;
					};
				};
			};
			buildConfigurationList = 738E6F882F56167900F44D22 /* Build configuration list for PBXProject "MyBigApp" */;
			developmentRegion = en;
			hasScannedForEncodings = 0;
			knownRegions = (
				en,
				Base,
			);
			mainGroup = 738E6F842F56167900F44D22;
			minimizedProjectReferenceProxies = 1;
			preferredProjectObjectVersion = 77;
			productRefGroup = 738E6F8E2F56167900F44D22 /* Products */;
			projectDirPath = "";
			projectRoot = "";
			targets = (
				738E6F8C2F56167900F44D22 /* MyBigApp */,
			);
		};
/* End PBXProject section */

/* Begin PBXResourcesBuildPhase section */
		738E6F8B2F56167900F44D22 /* Resources */ = {
			isa = PBXResourcesBuildPhase;
			buildActionMask = 2147483647;
			files = (
				738E6FA12F56169600F44D22 /* Assets.xcassets in Resources */,
			);
			runOnlyForDeploymentPostprocessing = 0;
		};
/* End PBXResourcesBuildPhase section */

/* Begin PBXSourcesBuildPhase section */
		738E6F892F56167900F44D22 /* Sources */ = {
			isa = PBXSourcesBuildPhase;
			buildActionMask = 2147483647;
			files = (
				738E6FB32F586FF500F44D22 /* FavoritesView.swift in Sources */,
				738E6FAA2F5625AE00F44D22 /* JournalView.swift in Sources */,
				738E6FB12F586FD800F44D22 /* SearchView.swift in Sources */,
				738E6FA42F5624C300F44D22 /* HomeView.swift in Sources */,
				738E6F9F2F56169600F44D22 /* ContentView.swift in Sources */,
				738E6FA62F56257B00F44D22 /* CalendarView.swift in Sources */,
				738E6FAC2F5625CB00F44D22 /* AIView.swift in Sources */,
				738E6FA02F56169600F44D22 /* MyBigAppApp.swift in Sources */,
				738E6FAE2F586F9A00F44D22 /* MusicView.swift in Sources */,
				738E6FA82F56259600F44D22 /* AddActivityView.swift in Sources */,
			);
			runOnlyForDeploymentPostprocessing = 0;
		};
/* End PBXSourcesBuildPhase section */

/* Begin XCBuildConfiguration section */
		738E6F962F56167B00F44D22 /* Debug */ = {
			isa = XCBuildConfiguration;
			buildSettings = {
				ALWAYS_SEARCH_USER_PATHS = NO;
				ASSETCATALOG_COMPILER_GENERATE_SWIFT_ASSET_SYMBOL_EXTENSIONS = YES;
				CLANG_ANALYZER_NONNULL = YES;
				CLANG_ANALYZER_NUMBER_OBJECT_CONVERSION = YES_AGGRESSIVE;
				CLANG_CXX_LANGUAGE_STANDARD = "gnu++20";
				CLANG_ENABLE_MODULES = YES;
				CLANG_ENABLE_OBJC_ARC = YES;
				CLANG_ENABLE_OBJC_WEAK = YES;
				CLANG_WARN_BLOCK_CAPTURE_AUTORELEASING = YES;
				CLANG_WARN_BOOL_CONVERSION = YES;
				CLANG_WARN_COMMA = YES;
				CLANG_WARN_CONSTANT_CONVERSION = YES;
				CLANG_WARN_DEPRECATED_OBJC_IMPLEMENTATIONS = YES;
				CLANG_WARN_DIRECT_OBJC_ISA_USAGE = YES_ERROR;
				CLANG_WARN_DOCUMENTATION_COMMENTS = YES;
				CLANG_WARN_EMPTY_BODY = YES;
				CLANG_WARN_ENUM_CONVERSION = YES;
				CLANG_WARN_INFINITE_RECURSION = YES;
				CLANG_WARN_INT_CONVERSION = YES;
				CLANG_WARN_NON_LITERAL_NULL_CONVERSION = YES;
				CLANG_WARN_OBJC_IMPLICIT_RETAIN_SELF = YES;
				CLANG_WARN_OBJC_LITERAL_CONVERSION = YES;
				CLANG_WARN_OBJC_ROOT_CLASS = YES_ERROR;
				CLANG_WARN_QUOTED_INCLUDE_IN_FRAMEWORK_HEADER = YES;
				CLANG_WARN_RANGE_LOOP_ANALYSIS = YES;
				CLANG_WARN_STRICT_PROTOTYPES = YES;
				CLANG_WARN_SUSPICIOUS_MOVE = YES;
				CLANG_WARN_UNGUARDED_AVAILABILITY = YES_AGGRESSIVE;
				CLANG_WARN_UNREACHABLE_CODE = YES;
				CLANG_WARN__DUPLICATE_METHOD_MATCH = YES;
				COPY_PHASE_STRIP = NO;
				DEBUG_INFORMATION_FORMAT = dwarf;
				DEVELOPMENT_TEAM = 4UG443984D;
				ENABLE_STRICT_OBJC_MSGSEND = YES;
				ENABLE_TESTABILITY = YES;
				ENABLE_USER_SCRIPT_SANDBOXING = YES;
				GCC_C_LANGUAGE_STANDARD = gnu17;
				GCC_DYNAMIC_NO_PIC = NO;
				GCC_NO_COMMON_BLOCKS = YES;
				GCC_OPTIMIZATION_LEVEL = 0;
				GCC_PREPROCESSOR_DEFINITIONS = (
					"DEBUG=1",
					"$(inherited)",
				);
				GCC_WARN_64_TO_32_BIT_CONVERSION = YES;
				GCC_WARN_ABOUT_RETURN_TYPE = YES_ERROR;
				GCC_WARN_UNDECLARED_SELECTOR = YES;
				GCC_WARN_UNINITIALIZED_AUTOS = YES_AGGRESSIVE;
				GCC_WARN_UNUSED_FUNCTION = YES;
				GCC_WARN_UNUSED_VARIABLE = YES;
				IPHONEOS_DEPLOYMENT_TARGET = 26.0;
				LOCALIZATION_PREFERS_STRING_CATALOGS = YES;
				MTL_ENABLE_DEBUG_INFO = INCLUDE_SOURCE;
				MTL_FAST_MATH = YES;
				ONLY_ACTIVE_ARCH = YES;
				SDKROOT = iphoneos;
				SWIFT_ACTIVE_COMPILATION_CONDITIONS = "DEBUG $(inherited)";
				SWIFT_OPTIMIZATION_LEVEL = "-Onone";
			};
			name = Debug;
		};
		738E6F972F56167B00F44D22 /* Release */ = {
			isa = XCBuildConfiguration;
			buildSettings = {
				ALWAYS_SEARCH_USER_PATHS = NO;
				ASSETCATALOG_COMPILER_GENERATE_SWIFT_ASSET_SYMBOL_EXTENSIONS = YES;
				CLANG_ANALYZER_NONNULL = YES;
				CLANG_ANALYZER_NUMBER_OBJECT_CONVERSION = YES_AGGRESSIVE;
				CLANG_CXX_LANGUAGE_STANDARD = "gnu++20";
				CLANG_ENABLE_MODULES = YES;
				CLANG_ENABLE_OBJC_ARC = YES;
				CLANG_ENABLE_OBJC_WEAK = YES;
				CLANG_WARN_BLOCK_CAPTURE_AUTORELEASING = YES;
				CLANG_WARN_BOOL_CONVERSION = YES;
				CLANG_WARN_COMMA = YES;
				CLANG_WARN_CONSTANT_CONVERSION = YES;
				CLANG_WARN_DEPRECATED_OBJC_IMPLEMENTATIONS = YES;
				CLANG_WARN_DIRECT_OBJC_ISA_USAGE = YES_ERROR;
				CLANG_WARN_DOCUMENTATION_COMMENTS = YES;
				CLANG_WARN_EMPTY_BODY = YES;
				CLANG_WARN_ENUM_CONVERSION = YES;
				CLANG_WARN_INFINITE_RECURSION = YES;
				CLANG_WARN_INT_CONVERSION = YES;
				CLANG_WARN_NON_LITERAL_NULL_CONVERSION = YES;
				CLANG_WARN_OBJC_IMPLICIT_RETAIN_SELF = YES;
				CLANG_WARN_OBJC_LITERAL_CONVERSION = YES;
				CLANG_WARN_OBJC_ROOT_CLASS = YES_ERROR;
				CLANG_WARN_QUOTED_INCLUDE_IN_FRAMEWORK_HEADER = YES;
				CLANG_WARN_RANGE_LOOP_ANALYSIS = YES;
				CLANG_WARN_STRICT_PROTOTYPES = YES;
				CLANG_WARN_SUSPICIOUS_MOVE = YES;
				CLANG_WARN_UNGUARDED_AVAILABILITY = YES_AGGRESSIVE;
				CLANG_WARN_UNREACHABLE_CODE = YES;
				CLANG_WARN__DUPLICATE_METHOD_MATCH = YES;
				COPY_PHASE_STRIP = NO;
				DEBUG_INFORMATION_FORMAT = "dwarf-with-dsym";
				DEVELOPMENT_TEAM = 4UG443984D;
				ENABLE_NS_ASSERTIONS = NO;
				ENABLE_STRICT_OBJC_MSGSEND = YES;
				ENABLE_USER_SCRIPT_SANDBOXING = YES;
				GCC_C_LANGUAGE_STANDARD = gnu17;
				GCC_NO_COMMON_BLOCKS = YES;
				GCC_WARN_64_TO_32_BIT_CONVERSION = YES;
				GCC_WARN_ABOUT_RETURN_TYPE = YES_ERROR;
				GCC_WARN_UNDECLARED_SELECTOR = YES;
				GCC_WARN_UNINITIALIZED_AUTOS = YES_AGGRESSIVE;
				GCC_WARN_UNUSED_FUNCTION = YES;
				GCC_WARN_UNUSED_VARIABLE = YES;
				IPHONEOS_DEPLOYMENT_TARGET = 26.0;
				LOCALIZATION_PREFERS_STRING_CATALOGS = YES;
				MTL_ENABLE_DEBUG_INFO = NO;
				MTL_FAST_MATH = YES;
				SDKROOT = iphoneos;
				SWIFT_COMPILATION_MODE = wholemodule;
				VALIDATE_PRODUCT = YES;
			};
			name = Release;
		};
		738E6F992F56167B00F44D22 /* Debug */ = {
			isa = XCBuildConfiguration;
			buildSettings = {
				ASSETCATALOG_COMPILER_APPICON_NAME = AppIcon;
				ASSETCATALOG_COMPILER_GLOBAL_ACCENT_COLOR_NAME = AccentColor;
				CODE_SIGN_STYLE = Automatic;
				CURRENT_PROJECT_VERSION = 1;
				DEVELOPMENT_TEAM = 4UG443984D;
				ENABLE_PREVIEWS = YES;
				GENERATE_INFOPLIST_FILE = YES;
				INFOPLIST_KEY_UIApplicationSceneManifest_Generation = YES;
				INFOPLIST_KEY_UIApplicationSupportsIndirectInputEvents = YES;
				INFOPLIST_KEY_UILaunchScreen_Generation = YES;
				INFOPLIST_KEY_UISupportedInterfaceOrientations_iPad = "UIInterfaceOrientationPortrait UIInterfaceOrientationPortraitUpsideDown UIInterfaceOrientationLandscapeLeft UIInterfaceOrientationLandscapeRight";
				INFOPLIST_KEY_UISupportedInterfaceOrientations_iPhone = "UIInterfaceOrientationPortrait UIInterfaceOrientationLandscapeLeft UIInterfaceOrientationLandscapeRight";
				LD_RUNPATH_SEARCH_PATHS = (
					"$(inherited)",
					"@executable_path/Frameworks",
				);
				MARKETING_VERSION = 1.0;
				PRODUCT_BUNDLE_IDENTIFIER = ca.alexandersaadia.MyBigApp;
				PRODUCT_NAME = "$(TARGET_NAME)";
				STRING_CATALOG_GENERATE_SYMBOLS = YES;
				SWIFT_APPROACHABLE_CONCURRENCY = YES;
				SWIFT_DEFAULT_ACTOR_ISOLATION = MainActor;
				SWIFT_EMIT_LOC_STRINGS = YES;
				SWIFT_UPCOMING_FEATURE_MEMBER_IMPORT_VISIBILITY = YES;
				SWIFT_VERSION = 5.0;
				TARGETED_DEVICE_FAMILY = "1,2";
			};
			name = Debug;
		};
		738E6F9A2F56167B00F44D22 /* Release */ = {
			isa = XCBuildConfiguration;
			buildSettings = {
				ASSETCATALOG_COMPILER_APPICON_NAME = AppIcon;
				ASSETCATALOG_COMPILER_GLOBAL_ACCENT_COLOR_NAME = AccentColor;
				CODE_SIGN_STYLE = Automatic;
				CURRENT_PROJECT_VERSION = 1;
				DEVELOPMENT_TEAM = 4UG443984D;
				ENABLE_PREVIEWS = YES;
				GENERATE_INFOPLIST_FILE = YES;
				INFOPLIST_KEY_UIApplicationSceneManifest_Generation = YES;
				INFOPLIST_KEY_UIApplicationSupportsIndirectInputEvents = YES;
				INFOPLIST_KEY_UILaunchScreen_Generation = YES;
				INFOPLIST_KEY_UISupportedInterfaceOrientations_iPad = "UIInterfaceOrientationPortrait UIInterfaceOrientationPortraitUpsideDown UIInterfaceOrientationLandscapeLeft UIInterfaceOrientationLandscapeRight";
				INFOPLIST_KEY_UISupportedInterfaceOrientations_iPhone = "UIInterfaceOrientationPortrait UIInterfaceOrientationLandscapeLeft UIInterfaceOrientationLandscapeRight";
				LD_RUNPATH_SEARCH_PATHS = (
					"$(inherited)",
					"@executable_path/Frameworks",
				);
				MARKETING_VERSION = 1.0;
				PRODUCT_BUNDLE_IDENTIFIER = ca.alexandersaadia.MyBigApp;
				PRODUCT_NAME = "$(TARGET_NAME)";
				STRING_CATALOG_GENERATE_SYMBOLS = YES;
				SWIFT_APPROACHABLE_CONCURRENCY = YES;
				SWIFT_DEFAULT_ACTOR_ISOLATION = MainActor;
				SWIFT_EMIT_LOC_STRINGS = YES;
				SWIFT_UPCOMING_FEATURE_MEMBER_IMPORT_VISIBILITY = YES;
				SWIFT_VERSION = 5.0;
				TARGETED_DEVICE_FAMILY = "1,2";
			};
			name = Release;
		};
/* End XCBuildConfiguration section */

/* Begin XCConfigurationList section */
		738E6F882F56167900F44D22 /* Build configuration list for PBXProject "MyBigApp" */ = {
			isa = XCConfigurationList;
			buildConfigurations = (
				738E6F962F56167B00F44D22 /* Debug */,
				738E6F972F56167B00F44D22 /* Release */,
			);
			defaultConfigurationIsVisible = 0;
			defaultConfigurationName = Release;
		};
		738E6F982F56167B00F44D22 /* Build configuration list for PBXNativeTarget "MyBigApp" */ = {
			isa = XCConfigurationList;
			buildConfigurations = (
				738E6F992F56167B00F44D22 /* Debug */,
				738E6F9A2F56167B00F44D22 /* Release */,
			);
			defaultConfigurationIsVisible = 0;
			defaultConfigurationName = Release;
		};
/* End XCConfigurationList section */
	};
	rootObject = 738E6F852F56167900F44D22 /* Project object */;
}
